
Microsoft Visual Studio Solution File, Format Version 12.00
# Visual Studio Version 17
VisualStudioVersion = 17.0.31903.59
MinimumVisualStudioVersion = 10.0.40219.1
Project("{FAE04EC0-301F-11D3-BF4B-00C04F79EFBC}") = "Amm", "src\apps\Amm\Amm.csproj", "{BFD8C274-4541-4E27-8B90-E72F2E6ECCC0}"
EndProject
Project("{FAE04EC0-301F-11D3-BF4B-00C04F79EFBC}") = "Amm.Tests", "tests\apps\Amm.Tests\Amm.Tests.csproj", "{55FC83AA-A704-44F2-B7D6-268FFF5BB87F}"
EndProject
Project("{FAE04EC0-301F-11D3-BF4B-00C04F79EFBC}") = "Amm.Mcp", "src\apps\Amm.Mcp\Amm.Mcp.csproj", "{EB97A8D9-38CB-40B0-873C-5EE1DEDED08E}"
EndProject
Project("{FAE04EC0-301F-11D3-BF4B-00C04F79EFBC}") = "Amm.PowerShell", "src\modules\Amm.PowerShell\Amm.PowerShell.csproj", "{A1B2C3D4-E5F6-7890-ABCD-EF1234567890}"
EndProject
Global
	GlobalSection(SolutionConfigurationPlatforms) = preSolution
		Debug|Any CPU = Debug|Any CPU
		Debug|x64 = Debug|x64
		Debug|x86 = Debug|x86
		Release|Any CPU = Release|Any CPU
		Release|x64 = Release|x64
		Release|x86 = Release|x86
	EndGlobalSection
	GlobalSection(ProjectConfigurationPlatforms) = postSolution
		{BFD8C274-4541-4E27-8B90-E72F2E6ECCC0}.Debug|Any CPU.ActiveCfg = Debug|Any CPU
		{BFD8C274-4541-4E27-8B90-E72F2E6ECCC0}.Debug|Any CPU.Build.0 = Debug|Any CPU
		{BFD8C274-4541-4E27-8B90-E72F2E6ECCC0}.Debug|x64.ActiveCfg = Debug|Any CPU
		{BFD8C274-4541-4E27-8B90-E72F2E6ECCC0}.Debug|x64.Build.0 = Debug|Any CPU
		{BFD8C274-4541-4E27-8B90-E72F2E6ECCC0}.Debug|x86.ActiveCfg = Debug|Any CPU
		{BFD8C274-4541-4E27-8B90-E72F2E6ECCC0}.Debug|x86.Build.0 = Debug|Any CPU
		{BFD8C274-4541-4E27-8B90-E72F2E6ECCC0}.Release|Any CPU.ActiveCfg = Release|Any CPU
		{BFD8C274-4541-4E27-8B90-E72F2E6ECCC0}.Release|Any CPU.Build.0 = Release|Any CPU
		{BFD8C274-4541-4E27-8B90-E72F2E6ECCC0}.Release|x64.ActiveCfg = Release|Any CPU
		{BFD8C274-4541-4E27-8B90-E72F2E6ECCC0}.Release|x64.Build.0 = Release|Any CPU
		{BFD8C274-4541-4E27-8B90-E72F2E6ECCC0}.Release|x86.ActiveCfg = Release|Any CPU
		{BFD8C274-4541-4E27-8B90-E72F2E6ECCC0}.Release|x86.Build.0 = Release|Any CPU
		{55FC83AA-A704-44F2-B7D6-268FFF5BB87F}.Debug|Any CPU.ActiveCfg = Debug|Any CPU
		{55FC83AA-A704-44F2-B7D6-268FFF5BB87F}.Debug|Any CPU.Build.0 = Debug|Any CPU
		{55FC83AA-A704-44F2-B7D6-268FFF5BB87F}.Debug|x64.ActiveCfg = Debug|Any CPU
		{55FC83AA-A704-44F2-B7D6-268FFF5BB87F}.Debug|x64.Build.0 = Debug|Any CPU
		{55FC83AA-A704-44F2-B7D6-268FFF5BB87F}.Debug|x86.ActiveCfg = Debug|Any CPU
		{55FC83AA-A704-44F2-B7D6-268FFF5BB87F}.Debug|x86.Build.0 = Debug|Any CPU
		{55FC83AA-A704-44F2-B7D6-268FFF5BB87F}.Release|Any CPU.ActiveCfg = Release|Any CPU
		{55FC83AA-A704-44F2-B7D6-268FFF5BB87F}.Release|Any CPU.Build.0 = Release|Any CPU
		{55FC83AA-A704-44F2-B7D6-268FFF5BB87F}.Release|x64.ActiveCfg = Release|Any CPU
		{55FC83AA-A704-44F2-B7D6-268FFF5BB87F}.Release|x64.Build.0 = Release|Any CPU
		{55FC83AA-A704-44F2-B7D6-268FFF5BB87F}.Release|x86.ActiveCfg = Release|Any CPU
		{55FC83AA-A704-44F2-B7D6-268FFF5BB87F}.Release|x86.Build.0 = Release|Any CPU
		{EB97A8D9-38CB-40B0-873C-5EE1DEDED08E}.Debug|Any CPU.ActiveCfg = Debug|Any CPU
		{EB97A8D9-38CB-40B0-873C-5EE1DEDED08E}.Debug|Any CPU.Build.0 = Debug|Any CPU
		{EB97A8D9-38CB-40B0-873C-5EE1DEDED08E}.Debug|x64.ActiveCfg = Debug|Any CPU
		{EB97A8D9-38CB-40B0-873C-5EE1DEDED08E}.Debug|x64.Build.0 = Debug|Any CPU
		{EB97A8D9-38CB-40B0-873C-5EE1DEDED08E}.Debug|x86.ActiveCfg = Debug|Any CPU
		{EB97A8D9-38CB-40B0-873C-5EE1DEDED08E}.Debug|x86.Build.0 = Debug|Any CPU
		{EB97A8D9-38CB-40B0-873C-5EE1DEDED08E}.Release|Any CPU.ActiveCfg = Release|Any CPU
		{EB97A8D9-38CB-40B0-873C-5EE1DEDED08E}.Release|Any CPU.Build.0 = Release|Any CPU
		{EB97A8D9-38CB-40B0-873C-5EE1DEDED08E}.Release|x64.ActiveCfg = Release|Any CPU
		{EB97A8D9-38CB-40B0-873C-5EE1DEDED08E}.Release|x64.Build.0 = Release|Any CPU
		{EB97A8D9-38CB-40B0-873C-5EE1DEDED08E}.Release|x86.ActiveCfg = Release|Any CPU
		{EB97A8D9-38CB-40B0-873C-5EE1DEDED08E}.Release|x86.Build.0 = Release|Any CPU
		{A1B2C3D4-E5F6-7890-ABCD-EF1234567890}.Debug|Any CPU.ActiveCfg = Debug|Any CPU
		{A1B2C3D4-E5F6-7890-ABCD-EF1234567890}.Debug|Any CPU.Build.0 = Debug|Any CPU
		{A1B2C3D4-E5F6-7890-ABCD-EF1234567890}.Debug|x64.ActiveCfg = Debug|Any CPU
		{A1B2C3D4-E5F6-7890-ABCD-EF1234567890}.Debug|x64.Build.0 = Debug|Any CPU
		{A1B2C3D4-E5F6-7890-ABCD-EF1234567890}.Debug|x86.ActiveCfg = Debug|Any CPU
		{A1B2C3D4-E5F6-7890-ABCD-EF1234567890}.Debug|x86.Build.0 = Debug|Any CPU
		{A1B2C3D4-E5F6-7890-ABCD-EF1234567890}.Release|Any CPU.ActiveCfg = Release|Any CPU
		{A1B2C3D4-E5F6-7890-ABCD-EF1234567890}.Release|Any CPU.Build.0 = Release|Any CPU
		{A1B2C3D4-E5F6-7890-ABCD-EF1234567890}.Release|x64.ActiveCfg = Release|Any CPU
		{A1B2C3D4-E5F6-7890-ABCD-EF1234567890}.Release|x64.Build.0 = Release|Any CPU
		{A1B2C3D4-E5F6-7890-ABCD-EF1234567890}.Release|x86.ActiveCfg = Release|Any CPU
		{A1B2C3D4-E5F6-7890-ABCD-EF1234567890}.Release|x86.Build.0 = Release|Any CPU
	EndGlobalSection
	GlobalSection(SolutionProperties) = preSolution
		HideSolutionNode = FALSE
	EndGlobalSection
EndGlobal
